
Microsoft Visual Studio Solution File, Format Version 12.00
# Visual Studio Version 17
VisualStudioVersion = 17.5.002.0
MinimumVisualStudioVersion = 10.0.40219.1
Project("{9A19103F-16F7-4668-BE54-9A1E7A4F7556}") = "api_net9", "api_net9.csproj", "{F28A1026-C381-4EBD-AC4F-8DDE5192C008}"
EndProject
Project("{2150E333-8FDC-42A3-9474-1A3956D46DE8}") = "src", "src", "{510530A4-CFC9-40AE-B14A-70DEE05FF9DA}"
EndProject
Project("{2150E333-8FDC-42A3-9474-1A3956D46DE8}") = "test", "test", "{140CE4A5-F775-41CE-A229-B7E3CCB7B610}"
EndProject
Project("{2150E333-8FDC-42A3-9474-1A3956D46DE8}") = "Doc", "Doc", "{5EB7BBEC-471B-4B95-BCCB-FD2AE90C0B48}"
EndProject
Project("{2150E333-8FDC-42A3-9474-1A3956D46DE8}") = "api_net9.Api", "api_net9.Api", "{7A0B5344-A0EF-454A-916E-FDF287E191ED}"
EndProject
Project("{2150E333-8FDC-42A3-9474-1A3956D46DE8}") = "api_net9.Infrastructure", "api_net9.Infrastructure", "{487ED570-AB0E-4B30-A37C-DB7BCA153E5B}"
EndProject
Project("{2150E333-8FDC-42A3-9474-1A3956D46DE8}") = "api_net9.Domain", "api_net9.Domain", "{2AC6707B-C559-4780-9C79-0EC3018FCC36}"
EndProject
Project("{2150E333-8FDC-42A3-9474-1A3956D46DE8}") = "api_net9.Application", "api_net9.Application", "{4B86C316-0F69-41E1-8D5B-11AE711D8310}"
EndProject
Project("{2150E333-8FDC-42A3-9474-1A3956D46DE8}") = "api_net9.Common", "api_net9.Common", "{8EC4ECC1-CA50-45E1-8FB5-5CE0CA76FCC3}"
EndProject
Project("{9A19103F-16F7-4668-BE54-9A1E7A4F7556}") = "api_net9.Application", "..\api_net8.Application\api_net9.Application.csproj", "{2EE6D70E-370D-48FE-8827-996BCD0ED06B}"
EndProject
Project("{9A19103F-16F7-4668-BE54-9A1E7A4F7556}") = "api_.net9.Common", "..\api_.net8.Common\api_.net9.Common.csproj", "{D739BDA7-0BAA-4B3F-A889-6F1245518E7C}"
EndProject
Project("{9A19103F-16F7-4668-BE54-9A1E7A4F7556}") = "api_net9.Infrastructure", "..\api_net8.Infrastructure\api_net9.Infrastructure.csproj", "{97357969-B271-4FAE-9CCE-F01338A930F4}"
EndProject
Project("{2150E333-8FDC-42A3-9474-1A3956D46DE8}") = "api_net9.ApplicationTest", "api_net9.ApplicationTest", "{81E2914F-47D0-49E4-A93E-5EA49FDEDA20}"
EndProject
Project("{2150E333-8FDC-42A3-9474-1A3956D46DE8}") = "ContactUserService.Test", "ContactUserService.Test", "{0E9515A0-892B-4501-BAFB-47B5E7406C69}"
EndProject
Project("{2150E333-8FDC-42A3-9474-1A3956D46DE8}") = "AuthUserService_Test", "AuthUserService_Test", "{B36A38A9-8FDF-4BFF-BE78-B24A836CF2B9}"
EndProject
Project("{9A19103F-16F7-4668-BE54-9A1E7A4F7556}") = "api_net9.Domain", "..\api_net8.Domain\api_net9.Domain.csproj", "{0E1706D8-FE31-45C4-9982-A0489F2E9548}"
EndProject
Project("{2150E333-8FDC-42A3-9474-1A3956D46DE8}") = "SeviceTest", "SeviceTest", "{C3D6E5CB-06C8-49A9-84EB-6FE96E34113B}"
EndProject
Project("{2150E333-8FDC-42A3-9474-1A3956D46DE8}") = "ControllerTest", "ControllerTest", "{FB3BE0CC-6C10-4154-BA6A-DD5C86BDBFF7}"
EndProject
Project("{2150E333-8FDC-42A3-9474-1A3956D46DE8}") = "UserContactController.Test", "UserContactController.Test", "{9F214E4F-6513-4976-9590-5C7BAFEF37DB}"
EndProject
Project("{2150E333-8FDC-42A3-9474-1A3956D46DE8}") = "AuthController.Test", "AuthController.Test", "{2F05B126-F696-4B06-9CCB-9B25B95381C1}"
EndProject
Project("{9A19103F-16F7-4668-BE54-9A1E7A4F7556}") = "AuthController_Test", "..\..\Test\api_net8.ApplicationTest\ConttrollerTest\AuthController.Test\AuthController_Test.csproj", "{4820AEDA-31D6-4397-B5E3-8AB5916DF852}"
EndProject
Project("{9A19103F-16F7-4668-BE54-9A1E7A4F7556}") = "UserContactController_Test", "..\..\Test\api_net8.ApplicationTest\ConttrollerTest\UserContactController.Test\UserContactController_Test.csproj", "{B87B19B5-0036-4AAC-B379-7ECC4559330F}"
EndProject
Project("{9A19103F-16F7-4668-BE54-9A1E7A4F7556}") = "AuthUserService_Test", "..\..\Test\api_net8.ApplicationTest\ServiceTest\AuthUserService_Test\AuthUserService_Test.csproj", "{2F24B356-1191-44E2-987B-D975CE71A717}"
EndProject
Project("{9A19103F-16F7-4668-BE54-9A1E7A4F7556}") = "ContactUserService.Test", "..\..\Test\api_net8.ApplicationTest\ServiceTest\ContactUserService.Test\ContactUserService.Test.csproj", "{A2BD6C84-6352-44F4-8830-CDBD3128D6B2}"
EndProject
Global
	GlobalSection(SolutionConfigurationPlatforms) = preSolution
		Debug|Any CPU = Debug|Any CPU
		Release|Any CPU = Release|Any CPU
	EndGlobalSection
	GlobalSection(ProjectConfigurationPlatforms) = postSolution
		{F28A1026-C381-4EBD-AC4F-8DDE5192C008}.Debug|Any CPU.ActiveCfg = Debug|Any CPU
		{F28A1026-C381-4EBD-AC4F-8DDE5192C008}.Debug|Any CPU.Build.0 = Debug|Any CPU
		{F28A1026-C381-4EBD-AC4F-8DDE5192C008}.Release|Any CPU.ActiveCfg = Release|Any CPU
		{F28A1026-C381-4EBD-AC4F-8DDE5192C008}.Release|Any CPU.Build.0 = Release|Any CPU
		{2EE6D70E-370D-48FE-8827-996BCD0ED06B}.Debug|Any CPU.ActiveCfg = Debug|Any CPU
		{2EE6D70E-370D-48FE-8827-996BCD0ED06B}.Debug|Any CPU.Build.0 = Debug|Any CPU
		{2EE6D70E-370D-48FE-8827-996BCD0ED06B}.Release|Any CPU.ActiveCfg = Release|Any CPU
		{2EE6D70E-370D-48FE-8827-996BCD0ED06B}.Release|Any CPU.Build.0 = Release|Any CPU
		{D739BDA7-0BAA-4B3F-A889-6F1245518E7C}.Debug|Any CPU.ActiveCfg = Debug|Any CPU
		{D739BDA7-0BAA-4B3F-A889-6F1245518E7C}.Debug|Any CPU.Build.0 = Debug|Any CPU
		{D739BDA7-0BAA-4B3F-A889-6F1245518E7C}.Release|Any CPU.ActiveCfg = Release|Any CPU
		{D739BDA7-0BAA-4B3F-A889-6F1245518E7C}.Release|Any CPU.Build.0 = Release|Any CPU
		{97357969-B271-4FAE-9CCE-F01338A930F4}.Debug|Any CPU.ActiveCfg = Debug|Any CPU
		{97357969-B271-4FAE-9CCE-F01338A930F4}.Debug|Any CPU.Build.0 = Debug|Any CPU
		{97357969-B271-4FAE-9CCE-F01338A930F4}.Release|Any CPU.ActiveCfg = Release|Any CPU
		{97357969-B271-4FAE-9CCE-F01338A930F4}.Release|Any CPU.Build.0 = Release|Any CPU
		{0E1706D8-FE31-45C4-9982-A0489F2E9548}.Debug|Any CPU.ActiveCfg = Debug|Any CPU
		{0E1706D8-FE31-45C4-9982-A0489F2E9548}.Debug|Any CPU.Build.0 = Debug|Any CPU
		{0E1706D8-FE31-45C4-9982-A0489F2E9548}.Release|Any CPU.ActiveCfg = Release|Any CPU
		{0E1706D8-FE31-45C4-9982-A0489F2E9548}.Release|Any CPU.Build.0 = Release|Any CPU
		{4820AEDA-31D6-4397-B5E3-8AB5916DF852}.Debug|Any CPU.ActiveCfg = Debug|Any CPU
		{4820AEDA-31D6-4397-B5E3-8AB5916DF852}.Debug|Any CPU.Build.0 = Debug|Any CPU
		{4820AEDA-31D6-4397-B5E3-8AB5916DF852}.Release|Any CPU.ActiveCfg = Release|Any CPU
		{4820AEDA-31D6-4397-B5E3-8AB5916DF852}.Release|Any CPU.Build.0 = Release|Any CPU
		{B87B19B5-0036-4AAC-B379-7ECC4559330F}.Debug|Any CPU.ActiveCfg = Debug|Any CPU
		{B87B19B5-0036-4AAC-B379-7ECC4559330F}.Debug|Any CPU.Build.0 = Debug|Any CPU
		{B87B19B5-0036-4AAC-B379-7ECC4559330F}.Release|Any CPU.ActiveCfg = Release|Any CPU
		{B87B19B5-0036-4AAC-B379-7ECC4559330F}.Release|Any CPU.Build.0 = Release|Any CPU
		{2F24B356-1191-44E2-987B-D975CE71A717}.Debug|Any CPU.ActiveCfg = Debug|Any CPU
		{2F24B356-1191-44E2-987B-D975CE71A717}.Debug|Any CPU.Build.0 = Debug|Any CPU
		{2F24B356-1191-44E2-987B-D975CE71A717}.Release|Any CPU.ActiveCfg = Release|Any CPU
		{2F24B356-1191-44E2-987B-D975CE71A717}.Release|Any CPU.Build.0 = Release|Any CPU
		{A2BD6C84-6352-44F4-8830-CDBD3128D6B2}.Debug|Any CPU.ActiveCfg = Debug|Any CPU
		{A2BD6C84-6352-44F4-8830-CDBD3128D6B2}.Debug|Any CPU.Build.0 = Debug|Any CPU
		{A2BD6C84-6352-44F4-8830-CDBD3128D6B2}.Release|Any CPU.ActiveCfg = Release|Any CPU
		{A2BD6C84-6352-44F4-8830-CDBD3128D6B2}.Release|Any CPU.Build.0 = Release|Any CPU
	EndGlobalSection
	GlobalSection(SolutionProperties) = preSolution
		HideSolutionNode = FALSE
	EndGlobalSection
	GlobalSection(NestedProjects) = preSolution
		{F28A1026-C381-4EBD-AC4F-8DDE5192C008} = {7A0B5344-A0EF-454A-916E-FDF287E191ED}
		{7A0B5344-A0EF-454A-916E-FDF287E191ED} = {510530A4-CFC9-40AE-B14A-70DEE05FF9DA}
		{487ED570-AB0E-4B30-A37C-DB7BCA153E5B} = {510530A4-CFC9-40AE-B14A-70DEE05FF9DA}
		{2AC6707B-C559-4780-9C79-0EC3018FCC36} = {510530A4-CFC9-40AE-B14A-70DEE05FF9DA}
		{4B86C316-0F69-41E1-8D5B-11AE711D8310} = {510530A4-CFC9-40AE-B14A-70DEE05FF9DA}
		{8EC4ECC1-CA50-45E1-8FB5-5CE0CA76FCC3} = {510530A4-CFC9-40AE-B14A-70DEE05FF9DA}
		{2EE6D70E-370D-48FE-8827-996BCD0ED06B} = {4B86C316-0F69-41E1-8D5B-11AE711D8310}
		{D739BDA7-0BAA-4B3F-A889-6F1245518E7C} = {8EC4ECC1-CA50-45E1-8FB5-5CE0CA76FCC3}
		{97357969-B271-4FAE-9CCE-F01338A930F4} = {487ED570-AB0E-4B30-A37C-DB7BCA153E5B}
		{81E2914F-47D0-49E4-A93E-5EA49FDEDA20} = {140CE4A5-F775-41CE-A229-B7E3CCB7B610}
		{0E9515A0-892B-4501-BAFB-47B5E7406C69} = {C3D6E5CB-06C8-49A9-84EB-6FE96E34113B}
		{B36A38A9-8FDF-4BFF-BE78-B24A836CF2B9} = {C3D6E5CB-06C8-49A9-84EB-6FE96E34113B}
		{0E1706D8-FE31-45C4-9982-A0489F2E9548} = {2AC6707B-C559-4780-9C79-0EC3018FCC36}
		{C3D6E5CB-06C8-49A9-84EB-6FE96E34113B} = {81E2914F-47D0-49E4-A93E-5EA49FDEDA20}
		{FB3BE0CC-6C10-4154-BA6A-DD5C86BDBFF7} = {81E2914F-47D0-49E4-A93E-5EA49FDEDA20}
		{9F214E4F-6513-4976-9590-5C7BAFEF37DB} = {FB3BE0CC-6C10-4154-BA6A-DD5C86BDBFF7}
		{2F05B126-F696-4B06-9CCB-9B25B95381C1} = {FB3BE0CC-6C10-4154-BA6A-DD5C86BDBFF7}
		{4820AEDA-31D6-4397-B5E3-8AB5916DF852} = {2F05B126-F696-4B06-9CCB-9B25B95381C1}
		{B87B19B5-0036-4AAC-B379-7ECC4559330F} = {9F214E4F-6513-4976-9590-5C7BAFEF37DB}
		{2F24B356-1191-44E2-987B-D975CE71A717} = {B36A38A9-8FDF-4BFF-BE78-B24A836CF2B9}
		{A2BD6C84-6352-44F4-8830-CDBD3128D6B2} = {0E9515A0-892B-4501-BAFB-47B5E7406C69}
	EndGlobalSection
	GlobalSection(ExtensibilityGlobals) = postSolution
		SolutionGuid = {40988849-AB60-4ED6-BDCD-9AE630451D01}
	EndGlobalSection
EndGlobal
